
Microsoft Visual Studio Solution File, Format Version 12.00
# Visual Studio Version 17
VisualStudioVersion = 17.6.33829.357
MinimumVisualStudioVersion = 10.0.40219.1
Project("{FAE04EC0-301F-11D3-BF4B-00C04F79EFBC}") = "She&He_Store", "She&He_Store.csproj", "{05E37B2D-4BDD-46D1-96C3-2AA9B959FF5D}"
EndProject
Global
	GlobalSection(SolutionConfigurationPlatforms) = preSolution
		Debug|Any CPU = Debug|Any CPU
		Release|Any CPU = Release|Any CPU
	EndGlobalSection
	GlobalSection(ProjectConfigurationPlatforms) = postSolution
		{05E37B2D-4BDD-46D1-96C3-2AA9B959FF5D}.Debug|Any CPU.ActiveCfg = Debug|Any CPU
		{05E37B2D-4BDD-46D1-96C3-2AA9B959FF5D}.Debug|Any CPU.Build.0 = Debug|Any CPU
		{05E37B2D-4BDD-46D1-96C3-2AA9B959FF5D}.Release|Any CPU.ActiveCfg = Release|Any CPU
		{05E37B2D-4BDD-46D1-96C3-2AA9B959FF5D}.Release|Any CPU.Build.0 = Release|Any CPU
	EndGlobalSection
	GlobalSection(SolutionProperties) = preSolution
		HideSolutionNode = FALSE
	EndGlobalSection
	GlobalSection(ExtensibilityGlobals) = postSolution
		SolutionGuid = {AA942449-BACE-4008-A79D-960178E40094}
	EndGlobalSection
EndGlobal
